// !$*UTF8*$!
{
	archiveVersion = 1;
	classes = {
	};
	objectVersion = 56;
	objects = {

/* Begin PBXBuildFile section */
		3900368929CF039D00746788 /* GoogleService-Info.plist in Resources */ = {isa = PBXBuildFile; fileRef = 3900368829CF039D00746788 /* GoogleService-Info.plist */; };
		39046D6229D21A19008DD242 /* Message.swift in Sources */ = {isa = PBXBuildFile; fileRef = 39046D6129D21A19008DD242 /* Message.swift */; };
		39055D6E29CCF18F00BAB357 /* RegisterViewController.swift in Sources */ = {isa = PBXBuildFile; fileRef = 39055D6D29CCF18F00BAB357 /* RegisterViewController.swift */; };
		39055D7029CCF1D200BAB357 /* LoginViewController.swift in Sources */ = {isa = PBXBuildFile; fileRef = 39055D6F29CCF1D200BAB357 /* LoginViewController.swift */; };
		39055D7229CCF1E000BAB357 /* ChatViewController.swift in Sources */ = {isa = PBXBuildFile; fileRef = 39055D7129CCF1E000BAB357 /* ChatViewController.swift */; };
		39074CE829D991DD000CFBB1 /* IQKeyboardManagerSwift in Frameworks */ = {isa = PBXBuildFile; productRef = 39074CE729D991DD000CFBB1 /* IQKeyboardManagerSwift */; };
		39104CAE29E57405005C276E /* sendsound.mp3 in Resources */ = {isa = PBXBuildFile; fileRef = 39104CAD29E57405005C276E /* sendsound.mp3 */; };
		3939406829D03C3700F501A3 /* Constants.swift in Sources */ = {isa = PBXBuildFile; fileRef = 3939406729D03C3700F501A3 /* Constants.swift */; };
		3981426429D5C8790028BF14 /* MessageCell.swift in Sources */ = {isa = PBXBuildFile; fileRef = 3981426229D5C8790028BF14 /* MessageCell.swift */; };
		3981426529D5C8790028BF14 /* MessageCell.xib in Resources */ = {isa = PBXBuildFile; fileRef = 3981426329D5C8790028BF14 /* MessageCell.xib */; };
		39C33FBD29BCAD7D00A4507B /* AppDelegate.swift in Sources */ = {isa = PBXBuildFile; fileRef = 39C33FBC29BCAD7D00A4507B /* AppDelegate.swift */; };
		39C33FBF29BCAD7D00A4507B /* SceneDelegate.swift in Sources */ = {isa = PBXBuildFile; fileRef = 39C33FBE29BCAD7D00A4507B /* SceneDelegate.swift */; };
		39C33FC129BCAD7D00A4507B /* WelcomeViewController.swift in Sources */ = {isa = PBXBuildFile; fileRef = 39C33FC029BCAD7D00A4507B /* WelcomeViewController.swift */; };
		39C33FC429BCAD7D00A4507B /* Main.storyboard in Resources */ = {isa = PBXBuildFile; fileRef = 39C33FC229BCAD7D00A4507B /* Main.storyboard */; };
		39C33FC629BCAD7E00A4507B /* Assets.xcassets in Resources */ = {isa = PBXBuildFile; fileRef = 39C33FC529BCAD7E00A4507B /* Assets.xcassets */; };
		39C33FC929BCAD7E00A4507B /* LaunchScreen.storyboard in Resources */ = {isa = PBXBuildFile; fileRef = 39C33FC729BCAD7E00A4507B /* LaunchScreen.storyboard */; };
		AE96AC3D8704DA24431E400B /* Pods_sender.framework in Frameworks */ = {isa = PBXBuildFile; fileRef = C9E59BB1A4DB09FBDF5815BB /* Pods_sender.framework */; };
/* End PBXBuildFile section */

/* Begin PBXFileReference section */
		3900368829CF039D00746788 /* GoogleService-Info.plist */ = {isa = PBXFileReference; fileEncoding = 4; lastKnownFileType = text.plist.xml; path = "GoogleService-Info.plist"; sourceTree = "<group>"; };
		39046D6129D21A19008DD242 /* Message.swift */ = {isa = PBXFileReference; lastKnownFileType = sourcecode.swift; path = Message.swift; sourceTree = "<group>"; };
		39055D6D29CCF18F00BAB357 /* RegisterViewController.swift */ = {isa = PBXFileReference; lastKnownFileType = sourcecode.swift; path = RegisterViewController.swift; sourceTree = "<group>"; };
		39055D6F29CCF1D200BAB357 /* LoginViewController.swift */ = {isa = PBXFileReference; lastKnownFileType = sourcecode.swift; path = LoginViewController.swift; sourceTree = "<group>"; };
		39055D7129CCF1E000BAB357 /* ChatViewController.swift */ = {isa = PBXFileReference; lastKnownFileType = sourcecode.swift; path = ChatViewController.swift; sourceTree = "<group>"; };
		39104CAD29E57405005C276E /* sendsound.mp3 */ = {isa = PBXFileReference; lastKnownFileType = audio.mp3; path = sendsound.mp3; sourceTree = "<group>"; };
		3939406729D03C3700F501A3 /* Constants.swift */ = {isa = PBXFileReference; lastKnownFileType = sourcecode.swift; path = Constants.swift; sourceTree = "<group>"; };
		3981426229D5C8790028BF14 /* MessageCell.swift */ = {isa = PBXFileReference; lastKnownFileType = sourcecode.swift; path = MessageCell.swift; sourceTree = "<group>"; };
		3981426329D5C8790028BF14 /* MessageCell.xib */ = {isa = PBXFileReference; lastKnownFileType = file.xib; path = MessageCell.xib; sourceTree = "<group>"; };
		39C33FB929BCAD7D00A4507B /* sender.app */ = {isa = PBXFileReference; explicitFileType = wrapper.application; includeInIndex = 0; path = sender.app; sourceTree = BUILT_PRODUCTS_DIR; };
		39C33FBC29BCAD7D00A4507B /* AppDelegate.swift */ = {isa = PBXFileReference; lastKnownFileType = sourcecode.swift; path = AppDelegate.swift; sourceTree = "<group>"; };
		39C33FBE29BCAD7D00A4507B /* SceneDelegate.swift */ = {isa = PBXFileReference; lastKnownFileType = sourcecode.swift; path = SceneDelegate.swift; sourceTree = "<group>"; };
		39C33FC029BCAD7D00A4507B /* WelcomeViewController.swift */ = {isa = PBXFileReference; lastKnownFileType = sourcecode.swift; path = WelcomeViewController.swift; sourceTree = "<group>"; };
		39C33FC329BCAD7D00A4507B /* Base */ = {isa = PBXFileReference; lastKnownFileType = file.storyboard; name = Base; path = Base.lproj/Main.storyboard; sourceTree = "<group>"; };
		39C33FC529BCAD7E00A4507B /* Assets.xcassets */ = {isa = PBXFileReference; lastKnownFileType = folder.assetcatalog; path = Assets.xcassets; sourceTree = "<group>"; };
		39C33FC829BCAD7E00A4507B /* Base */ = {isa = PBXFileReference; lastKnownFileType = file.storyboard; name = Base; path = Base.lproj/LaunchScreen.storyboard; sourceTree = "<group>"; };
		39C33FCA29BCAD7E00A4507B /* Info.plist */ = {isa = PBXFileReference; lastKnownFileType = text.plist.xml; path = Info.plist; sourceTree = "<group>"; };
		59CC12563710295B66A00578 /* Pods-sender.debug.xcconfig */ = {isa = PBXFileReference; includeInIndex = 1; lastKnownFileType = text.xcconfig; name = "Pods-sender.debug.xcconfig"; path = "Target Support Files/Pods-sender/Pods-sender.debug.xcconfig"; sourceTree = "<group>"; };
		AEF5A290003446F85B6F15C9 /* Pods-sender.release.xcconfig */ = {isa = PBXFileReference; includeInIndex = 1; lastKnownFileType = text.xcconfig; name = "Pods-sender.release.xcconfig"; path = "Target Support Files/Pods-sender/Pods-sender.release.xcconfig"; sourceTree = "<group>"; };
		C9E59BB1A4DB09FBDF5815BB /* Pods_sender.framework */ = {isa = PBXFileReference; explicitFileType = wrapper.framework; includeInIndex = 0; path = Pods_sender.framework; sourceTree = BUILT_PRODUCTS_DIR; };
/* End PBXFileReference section */

/* Begin PBXFrameworksBuildPhase section */
		39C33FB629BCAD7D00A4507B /* Frameworks */ = {
			isa = PBXFrameworksBuildPhase;
			buildActionMask = 2147483647;
			files = (
				AE96AC3D8704DA24431E400B /* Pods_sender.framework in Frameworks */,
				39074CE829D991DD000CFBB1 /* IQKeyboardManagerSwift in Frameworks */,
			);
			runOnlyForDeploymentPostprocessing = 0;
		};
/* End PBXFrameworksBuildPhase section */

/* Begin PBXGroup section */
		39C33FB029BCAD7D00A4507B = {
			isa = PBXGroup;
			children = (
				39C33FBB29BCAD7D00A4507B /* sender */,
				39C33FBA29BCAD7D00A4507B /* Products */,
				FA9B57F99E2AB5D76007BB15 /* Pods */,
				EAB59468B5F6B2AC12132597 /* Frameworks */,
			);
			sourceTree = "<group>";
		};
		39C33FBA29BCAD7D00A4507B /* Products */ = {
			isa = PBXGroup;
			children = (
				39C33FB929BCAD7D00A4507B /* sender.app */,
			);
			name = Products;
			sourceTree = "<group>";
		};
		39C33FBB29BCAD7D00A4507B /* sender */ = {
			isa = PBXGroup;
			children = (
				39C33FBC29BCAD7D00A4507B /* AppDelegate.swift */,
				39C33FBE29BCAD7D00A4507B /* SceneDelegate.swift */,
				39C33FD129BCB11400A4507B /* Model */,
				39C33FD029BCB10400A4507B /* View */,
				39C33FD229BCB12500A4507B /* Controller */,
				39C33FC529BCAD7E00A4507B /* Assets.xcassets */,
				39C33FC729BCAD7E00A4507B /* LaunchScreen.storyboard */,
				39C33FCA29BCAD7E00A4507B /* Info.plist */,
				3900368829CF039D00746788 /* GoogleService-Info.plist */,
				3939406729D03C3700F501A3 /* Constants.swift */,
				39104CAD29E57405005C276E /* sendsound.mp3 */,
			);
			path = sender;
			sourceTree = "<group>";
		};
		39C33FD029BCB10400A4507B /* View */ = {
			isa = PBXGroup;
			children = (
				39C33FC229BCAD7D00A4507B /* Main.storyboard */,
				3981426229D5C8790028BF14 /* MessageCell.swift */,
				3981426329D5C8790028BF14 /* MessageCell.xib */,
			);
			path = View;
			sourceTree = "<group>";
		};
		39C33FD129BCB11400A4507B /* Model */ = {
			isa = PBXGroup;
			children = (
				39046D6129D21A19008DD242 /* Message.swift */,
			);
			path = Model;
			sourceTree = "<group>";
		};
		39C33FD229BCB12500A4507B /* Controller */ = {
			isa = PBXGroup;
			children = (
				39C33FC029BCAD7D00A4507B /* WelcomeViewController.swift */,
				39055D6D29CCF18F00BAB357 /* RegisterViewController.swift */,
				39055D6F29CCF1D200BAB357 /* LoginViewController.swift */,
				39055D7129CCF1E000BAB357 /* ChatViewController.swift */,
			);
			path = Controller;
			sourceTree = "<group>";
		};
		EAB59468B5F6B2AC12132597 /* Frameworks */ = {
			isa = PBXGroup;
			children = (
				C9E59BB1A4DB09FBDF5815BB /* Pods_sender.framework */,
			);
			name = Frameworks;
			sourceTree = "<group>";
		};
		FA9B57F99E2AB5D76007BB15 /* Pods */ = {
			isa = PBXGroup;
			children = (
				59CC12563710295B66A00578 /* Pods-sender.debug.xcconfig */,
				AEF5A290003446F85B6F15C9 /* Pods-sender.release.xcconfig */,
			);
			path = Pods;
			sourceTree = "<group>";
		};
/* End PBXGroup section */

/* Begin PBXNativeTarget section */
		39C33FB829BCAD7D00A4507B /* sender */ = {
			isa = PBXNativeTarget;
			buildConfigurationList = 39C33FCD29BCAD7E00A4507B /* Build configuration list for PBXNativeTarget "sender" */;
			buildPhases = (
				CD6E861862C43D21364E9A44 /* [CP] Check Pods Manifest.lock */,
				39C33FB529BCAD7D00A4507B /* Sources */,
				39C33FB629BCAD7D00A4507B /* Frameworks */,
				39C33FB729BCAD7D00A4507B /* Resources */,
				DD5AEB3C6E6355A67F0A5438 /* [CP] Embed Pods Frameworks */,
			);
			buildRules = (
			);
			dependencies = (
			);
			name = sender;
			packageProductDependencies = (
				39074CE729D991DD000CFBB1 /* IQKeyboardManagerSwift */,
			);
			productName = sender;
			productReference = 39C33FB929BCAD7D00A4507B /* sender.app */;
			productType = "com.apple.product-type.application";
		};
/* End PBXNativeTarget section */

/* Begin PBXProject section */
		39C33FB129BCAD7D00A4507B /* Project object */ = {
			isa = PBXProject;
			attributes = {
				BuildIndependentTargetsInParallel = 1;
				LastSwiftUpdateCheck = 1420;
				LastUpgradeCheck = 1420;
				TargetAttributes = {
					39C33FB829BCAD7D00A4507B = {
						CreatedOnToolsVersion = 14.2;
					};
				};
			};
			buildConfigurationList = 39C33FB429BCAD7D00A4507B /* Build configuration list for PBXProject "sender" */;
			compatibilityVersion = "Xcode 14.0";
			developmentRegion = en;
			hasScannedForEncodings = 0;
			knownRegions = (
				en,
				Base,
			);
			mainGroup = 39C33FB029BCAD7D00A4507B;
			packageReferences = (
				39074CE629D991DD000CFBB1 /* XCRemoteSwiftPackageReference "IQKeyboardManager" */,
			);
			productRefGroup = 39C33FBA29BCAD7D00A4507B /* Products */;
			projectDirPath = "";
			projectRoot = "";
			targets = (
				39C33FB829BCAD7D00A4507B /* sender */,
			);
		};
/* End PBXProject section */

/* Begin PBXResourcesBuildPhase section */
		39C33FB729BCAD7D00A4507B /* Resources */ = {
			isa = PBXResourcesBuildPhase;
			buildActionMask = 2147483647;
			files = (
				3981426529D5C8790028BF14 /* MessageCell.xib in Resources */,
				39C33FC929BCAD7E00A4507B /* LaunchScreen.storyboard in Resources */,
				39104CAE29E57405005C276E /* sendsound.mp3 in Resources */,
				3900368929CF039D00746788 /* GoogleService-Info.plist in Resources */,
				39C33FC629BCAD7E00A4507B /* Assets.xcassets in Resources */,
				39C33FC429BCAD7D00A4507B /* Main.storyboard in Resources */,
			);
			runOnlyForDeploymentPostprocessing = 0;
		};
/* End PBXResourcesBuildPhase section */

/* Begin PBXShellScriptBuildPhase section */
		CD6E861862C43D21364E9A44 /* [CP] Check Pods Manifest.lock */ = {
			isa = PBXShellScriptBuildPhase;
			buildActionMask = 2147483647;
			files = (
			);
			inputFileListPaths = (
			);
			inputPaths = (
				"${PODS_PODFILE_DIR_PATH}/Podfile.lock",
				"${PODS_ROOT}/Manifest.lock",
			);
			name = "[CP] Check Pods Manifest.lock";
			outputFileListPaths = (
			);
			outputPaths = (
				"$(DERIVED_FILE_DIR)/Pods-sender-checkManifestLockResult.txt",
			);
			runOnlyForDeploymentPostprocessing = 0;
			shellPath = /bin/sh;
			shellScript = "diff \"${PODS_PODFILE_DIR_PATH}/Podfile.lock\" \"${PODS_ROOT}/Manifest.lock\" > /dev/null\nif [ $? != 0 ] ; then\n    # print error to STDERR\n    echo \"error: The sandbox is not in sync with the Podfile.lock. Run 'pod install' or update your CocoaPods installation.\" >&2\n    exit 1\nfi\n# This output is used by Xcode 'outputs' to avoid re-running this script phase.\necho \"SUCCESS\" > \"${SCRIPT_OUTPUT_FILE_0}\"\n";
			showEnvVarsInLog = 0;
		};
		DD5AEB3C6E6355A67F0A5438 /* [CP] Embed Pods Frameworks */ = {
			isa = PBXShellScriptBuildPhase;
			alwaysOutOfDate = 1;
			buildActionMask = 2147483647;
			files = (
			);
			inputFileListPaths = (
				"${PODS_ROOT}/Target Support Files/Pods-sender/Pods-sender-frameworks-${CONFIGURATION}-input-files.xcfilelist",
			);
			name = "[CP] Embed Pods Frameworks";
			outputFileListPaths = (
				"${PODS_ROOT}/Target Support Files/Pods-sender/Pods-sender-frameworks-${CONFIGURATION}-output-files.xcfilelist",
			);
			runOnlyForDeploymentPostprocessing = 0;
			shellPath = /bin/sh;
			shellScript = "\"${PODS_ROOT}/Target Support Files/Pods-sender/Pods-sender-frameworks.sh\"\n";
			showEnvVarsInLog = 0;
		};
/* End PBXShellScriptBuildPhase section */

/* Begin PBXSourcesBuildPhase section */
		39C33FB529BCAD7D00A4507B /* Sources */ = {
			isa = PBXSourcesBuildPhase;
			buildActionMask = 2147483647;
			files = (
				3939406829D03C3700F501A3 /* Constants.swift in Sources */,
				39C33FC129BCAD7D00A4507B /* WelcomeViewController.swift in Sources */,
				39C33FBD29BCAD7D00A4507B /* AppDelegate.swift in Sources */,
				39C33FBF29BCAD7D00A4507B /* SceneDelegate.swift in Sources */,
				39055D7029CCF1D200BAB357 /* LoginViewController.swift in Sources */,
				39046D6229D21A19008DD242 /* Message.swift in Sources */,
				39055D7229CCF1E000BAB357 /* ChatViewController.swift in Sources */,
				39055D6E29CCF18F00BAB357 /* RegisterViewController.swift in Sources */,
				3981426429D5C8790028BF14 /* MessageCell.swift in Sources */,
			);
			runOnlyForDeploymentPostprocessing = 0;
		};
/* End PBXSourcesBuildPhase section */

/* Begin PBXVariantGroup section */
		39C33FC229BCAD7D00A4507B /* Main.storyboard */ = {
			isa = PBXVariantGroup;
			children = (
				39C33FC329BCAD7D00A4507B /* Base */,
			);
			name = Main.storyboard;
			sourceTree = "<group>";
		};
		39C33FC729BCAD7E00A4507B /* LaunchScreen.storyboard */ = {
			isa = PBXVariantGroup;
			children = (
				39C33FC829BCAD7E00A4507B /* Base */,
			);
			name = LaunchScreen.storyboard;
			sourceTree = "<group>";
		};
/* End PBXVariantGroup section */

/* Begin XCBuildConfiguration section */
		39C33FCB29BCAD7E00A4507B /* Debug */ = {
			isa = XCBuildConfiguration;
			buildSettings = {
				ALWAYS_SEARCH_USER_PATHS = NO;
				CLANG_ANALYZER_NONNULL = YES;
				CLANG_ANALYZER_NUMBER_OBJECT_CONVERSION = YES_AGGRESSIVE;
				CLANG_CXX_LANGUAGE_STANDARD = "gnu++20";
				CLANG_ENABLE_MODULES = YES;
				CLANG_ENABLE_OBJC_ARC = YES;
				CLANG_ENABLE_OBJC_WEAK = YES;
				CLANG_WARN_BLOCK_CAPTURE_AUTORELEASING = YES;
				CLANG_WARN_BOOL_CONVERSION = YES;
				CLANG_WARN_COMMA = YES;
				CLANG_WARN_CONSTANT_CONVERSION = YES;
				CLANG_WARN_DEPRECATED_OBJC_IMPLEMENTATIONS = YES;
				CLANG_WARN_DIRECT_OBJC_ISA_USAGE = YES_ERROR;
				CLANG_WARN_DOCUMENTATION_COMMENTS = YES;
				CLANG_WARN_EMPTY_BODY = YES;
				CLANG_WARN_ENUM_CONVERSION = YES;
				CLANG_WARN_INFINITE_RECURSION = YES;
				CLANG_WARN_INT_CONVERSION = YES;
				CLANG_WARN_NON_LITERAL_NULL_CONVERSION = YES;
				CLANG_WARN_OBJC_IMPLICIT_RETAIN_SELF = YES;
				CLANG_WARN_OBJC_LITERAL_CONVERSION = YES;
				CLANG_WARN_OBJC_ROOT_CLASS = YES_ERROR;
				CLANG_WARN_QUOTED_INCLUDE_IN_FRAMEWORK_HEADER = YES;
				CLANG_WARN_RANGE_LOOP_ANALYSIS = YES;
				CLANG_WARN_STRICT_PROTOTYPES = YES;
				CLANG_WARN_SUSPICIOUS_MOVE = YES;
				CLANG_WARN_UNGUARDED_AVAILABILITY = YES_AGGRESSIVE;
				CLANG_WARN_UNREACHABLE_CODE = YES;
				CLANG_WARN__DUPLICATE_METHOD_MATCH = YES;
				COPY_PHASE_STRIP = NO;
				DEBUG_INFORMATION_FORMAT = dwarf;
				ENABLE_STRICT_OBJC_MSGSEND = YES;
				ENABLE_TESTABILITY = YES;
				GCC_C_LANGUAGE_STANDARD = gnu11;
				GCC_DYNAMIC_NO_PIC = NO;
				GCC_NO_COMMON_BLOCKS = YES;
				GCC_OPTIMIZATION_LEVEL = 0;
				GCC_PREPROCESSOR_DEFINITIONS = (
					"DEBUG=1",
					"$(inherited)",
				);
				GCC_WARN_64_TO_32_BIT_CONVERSION = YES;
				GCC_WARN_ABOUT_RETURN_TYPE = YES_ERROR;
				GCC_WARN_UNDECLARED_SELECTOR = YES;
				GCC_WARN_UNINITIALIZED_AUTOS = YES_AGGRESSIVE;
				GCC_WARN_UNUSED_FUNCTION = YES;
				GCC_WARN_UNUSED_VARIABLE = YES;
				IPHONEOS_DEPLOYMENT_TARGET = 13.0;
				MTL_ENABLE_DEBUG_INFO = INCLUDE_SOURCE;
				MTL_FAST_MATH = YES;
				ONLY_ACTIVE_ARCH = YES;
				SDKROOT = iphoneos;
				SWIFT_ACTIVE_COMPILATION_CONDITIONS = DEBUG;
				SWIFT_OPTIMIZATION_LEVEL = "-Onone";
			};
			name = Debug;
		};
		39C33FCC29BCAD7E00A4507B /* Release */ = {
			isa = XCBuildConfiguration;
			buildSettings = {
				ALWAYS_SEARCH_USER_PATHS = NO;
				CLANG_ANALYZER_NONNULL = YES;
				CLANG_ANALYZER_NUMBER_OBJECT_CONVERSION = YES_AGGRESSIVE;
				CLANG_CXX_LANGUAGE_STANDARD = "gnu++20";
				CLANG_ENABLE_MODULES = YES;
				CLANG_ENABLE_OBJC_ARC = YES;
				CLANG_ENABLE_OBJC_WEAK = YES;
				CLANG_WARN_BLOCK_CAPTURE_AUTORELEASING = YES;
				CLANG_WARN_BOOL_CONVERSION = YES;
				CLANG_WARN_COMMA = YES;
				CLANG_WARN_CONSTANT_CONVERSION = YES;
				CLANG_WARN_DEPRECATED_OBJC_IMPLEMENTATIONS = YES;
				CLANG_WARN_DIRECT_OBJC_ISA_USAGE = YES_ERROR;
				CLANG_WARN_DOCUMENTATION_COMMENTS = YES;
				CLANG_WARN_EMPTY_BODY = YES;
				CLANG_WARN_ENUM_CONVERSION = YES;
				CLANG_WARN_INFINITE_RECURSION = YES;
				CLANG_WARN_INT_CONVERSION = YES;
				CLANG_WARN_NON_LITERAL_NULL_CONVERSION = YES;
				CLANG_WARN_OBJC_IMPLICIT_RETAIN_SELF = YES;
				CLANG_WARN_OBJC_LITERAL_CONVERSION = YES;
				CLANG_WARN_OBJC_ROOT_CLASS = YES_ERROR;
				CLANG_WARN_QUOTED_INCLUDE_IN_FRAMEWORK_HEADER = YES;
				CLANG_WARN_RANGE_LOOP_ANALYSIS = YES;
				CLANG_WARN_STRICT_PROTOTYPES = YES;
				CLANG_WARN_SUSPICIOUS_MOVE = YES;
				CLANG_WARN_UNGUARDED_AVAILABILITY = YES_AGGRESSIVE;
				CLANG_WARN_UNREACHABLE_CODE = YES;
				CLANG_WARN__DUPLICATE_METHOD_MATCH = YES;
				COPY_PHASE_STRIP = NO;
				DEBUG_INFORMATION_FORMAT = "dwarf-with-dsym";
				ENABLE_NS_ASSERTIONS = NO;
				ENABLE_STRICT_OBJC_MSGSEND = YES;
				GCC_C_LANGUAGE_STANDARD = gnu11;
				GCC_NO_COMMON_BLOCKS = YES;
				GCC_WARN_64_TO_32_BIT_CONVERSION = YES;
				GCC_WARN_ABOUT_RETURN_TYPE = YES_ERROR;
				GCC_WARN_UNDECLARED_SELECTOR = YES;
				GCC_WARN_UNINITIALIZED_AUTOS = YES_AGGRESSIVE;
				GCC_WARN_UNUSED_FUNCTION = YES;
				GCC_WARN_UNUSED_VARIABLE = YES;
				IPHONEOS_DEPLOYMENT_TARGET = 13.0;
				MTL_ENABLE_DEBUG_INFO = NO;
				MTL_FAST_MATH = YES;
				SDKROOT = iphoneos;
				SWIFT_COMPILATION_MODE = wholemodule;
				SWIFT_OPTIMIZATION_LEVEL = "-O";
				VALIDATE_PRODUCT = YES;
			};
			name = Release;
		};
		39C33FCE29BCAD7E00A4507B /* Debug */ = {
			isa = XCBuildConfiguration;
			baseConfigurationReference = 59CC12563710295B66A00578 /* Pods-sender.debug.xcconfig */;
			buildSettings = {
				ASSETCATALOG_COMPILER_APPICON_NAME = AppIcon;
				ASSETCATALOG_COMPILER_GLOBAL_ACCENT_COLOR_NAME = AccentColor;
				CODE_SIGN_STYLE = Automatic;
				CURRENT_PROJECT_VERSION = 1;
				DEVELOPMENT_TEAM = M537FVXGVM;
				GENERATE_INFOPLIST_FILE = YES;
				INFOPLIST_FILE = sender/Info.plist;
				INFOPLIST_KEY_CFBundleDisplayName = Sender;
				INFOPLIST_KEY_LSApplicationCategoryType = "public.app-category.social-networking";
				INFOPLIST_KEY_UIApplicationSupportsIndirectInputEvents = YES;
				INFOPLIST_KEY_UILaunchStoryboardName = LaunchScreen;
				INFOPLIST_KEY_UIMainStoryboardFile = Main;
				INFOPLIST_KEY_UIRequiresFullScreen = YES;
				INFOPLIST_KEY_UISupportedInterfaceOrientations = UIInterfaceOrientationPortrait;
				IPHONEOS_DEPLOYMENT_TARGET = 13.0;
				LD_RUNPATH_SEARCH_PATHS = (
					"$(inherited)",
					"@executable_path/Frameworks",
				);
				MARKETING_VERSION = 1.0;
				PRODUCT_BUNDLE_IDENTIFIER = com.sender.sattarov;
				PRODUCT_NAME = "$(TARGET_NAME)";
				SWIFT_EMIT_LOC_STRINGS = YES;
				SWIFT_VERSION = 5.0;
				TARGETED_DEVICE_FAMILY = "1,2";
			};
			name = Debug;
		};
		39C33FCF29BCAD7E00A4507B /* Release */ = {
			isa = XCBuildConfiguration;
			baseConfigurationReference = AEF5A290003446F85B6F15C9 /* Pods-sender.release.xcconfig */;
			buildSettings = {
				ASSETCATALOG_COMPILER_APPICON_NAME = AppIcon;
				ASSETCATALOG_COMPILER_GLOBAL_ACCENT_COLOR_NAME = AccentColor;
				CODE_SIGN_STYLE = Automatic;
				CURRENT_PROJECT_VERSION = 1;
				DEVELOPMENT_TEAM = M537FVXGVM;
				GENERATE_INFOPLIST_FILE = YES;
				INFOPLIST_FILE = sender/Info.plist;
				INFOPLIST_KEY_CFBundleDisplayName = Sender;
				INFOPLIST_KEY_LSApplicationCategoryType = "public.app-category.social-networking";
				INFOPLIST_KEY_UIApplicationSupportsIndirectInputEvents = YES;
				INFOPLIST_KEY_UILaunchStoryboardName = LaunchScreen;
				INFOPLIST_KEY_UIMainStoryboardFile = Main;
				INFOPLIST_KEY_UIRequiresFullScreen = YES;
				INFOPLIST_KEY_UISupportedInterfaceOrientations = UIInterfaceOrientationPortrait;
				IPHONEOS_DEPLOYMENT_TARGET = 13.0;
				LD_RUNPATH_SEARCH_PATHS = (
					"$(inherited)",
					"@executable_path/Frameworks",
				);
				MARKETING_VERSION = 1.0;
				PRODUCT_BUNDLE_IDENTIFIER = com.sender.sattarov;
				PRODUCT_NAME = "$(TARGET_NAME)";
				SWIFT_EMIT_LOC_STRINGS = YES;
				SWIFT_VERSION = 5.0;
				TARGETED_DEVICE_FAMILY = "1,2";
			};
			name = Release;
		};
/* End XCBuildConfiguration section */

/* Begin XCConfigurationList section */
		39C33FB429BCAD7D00A4507B /* Build configuration list for PBXProject "sender" */ = {
			isa = XCConfigurationList;
			buildConfigurations = (
				39C33FCB29BCAD7E00A4507B /* Debug */,
				39C33FCC29BCAD7E00A4507B /* Release */,
			);
			defaultConfigurationIsVisible = 0;
			defaultConfigurationName = Release;
		};
		39C33FCD29BCAD7E00A4507B /* Build configuration list for PBXNativeTarget "sender" */ = {
			isa = XCConfigurationList;
			buildConfigurations = (
				39C33FCE29BCAD7E00A4507B /* Debug */,
				39C33FCF29BCAD7E00A4507B /* Release */,
			);
			defaultConfigurationIsVisible = 0;
			defaultConfigurationName = Release;
		};
/* End XCConfigurationList section */

/* Begin XCRemoteSwiftPackageReference section */
		39074CE629D991DD000CFBB1 /* XCRemoteSwiftPackageReference "IQKeyboardManager" */ = {
			isa = XCRemoteSwiftPackageReference;
			repositoryURL = "https://github.com/hackiftekhar/IQKeyboardManager";
			requirement = {
				kind = upToNextMajorVersion;
				minimumVersion = 6.5.11;
			};
		};
/* End XCRemoteSwiftPackageReference section */

/* Begin XCSwiftPackageProductDependency section */
		39074CE729D991DD000CFBB1 /* IQKeyboardManagerSwift */ = {
			isa = XCSwiftPackageProductDependency;
			package = 39074CE629D991DD000CFBB1 /* XCRemoteSwiftPackageReference "IQKeyboardManager" */;
			productName = IQKeyboardManagerSwift;
		};
/* End XCSwiftPackageProductDependency section */
	};
	rootObject = 39C33FB129BCAD7D00A4507B /* Project object */;
}
